
Microsoft Visual Studio Solution File, Format Version 12.00
# Visual Studio 15
VisualStudioVersion = 15.0.27004.2005
MinimumVisualStudioVersion = 10.0.40219.1
Project("{FAE04EC0-301F-11D3-BF4B-00C04F79EFBC}") = "dowhile1", "dowhile1\dowhile1.csproj", "{09911B59-AD0F-4474-BD7E-64445E8851CF}"
EndProject
Global
	GlobalSection(SolutionConfigurationPlatforms) = preSolution
		Debug|Any CPU = Debug|Any CPU
		Release|Any CPU = Release|Any CPU
	EndGlobalSection
	GlobalSection(ProjectConfigurationPlatforms) = postSolution
		{09911B59-AD0F-4474-BD7E-64445E8851CF}.Debug|Any CPU.ActiveCfg = Debug|Any CPU
		{09911B59-AD0F-4474-BD7E-64445E8851CF}.Debug|Any CPU.Build.0 = Debug|Any CPU
		{09911B59-AD0F-4474-BD7E-64445E8851CF}.Release|Any CPU.ActiveCfg = Release|Any CPU
		{09911B59-AD0F-4474-BD7E-64445E8851CF}.Release|Any CPU.Build.0 = Release|Any CPU
	EndGlobalSection
	GlobalSection(SolutionProperties) = preSolution
		HideSolutionNode = FALSE
	EndGlobalSection
	GlobalSection(ExtensibilityGlobals) = postSolution
		SolutionGuid = {5D1027F5-04D9-4994-969D-AAD045F923E0}
	EndGlobalSection
EndGlobal
