
Microsoft Visual Studio Solution File, Format Version 12.00
# Visual Studio 15
VisualStudioVersion = 15.0.27004.2005
MinimumVisualStudioVersion = 10.0.40219.1
Project("{FAE04EC0-301F-11D3-BF4B-00C04F79EFBC}") = "multipleif", "multipleif\multipleif.csproj", "{B10B9D1D-7CD6-499E-83A1-97199B963733}"
EndProject
Global
	GlobalSection(SolutionConfigurationPlatforms) = preSolution
		Debug|Any CPU = Debug|Any CPU
		Release|Any CPU = Release|Any CPU
	EndGlobalSection
	GlobalSection(ProjectConfigurationPlatforms) = postSolution
		{B10B9D1D-7CD6-499E-83A1-97199B963733}.Debug|Any CPU.ActiveCfg = Debug|Any CPU
		{B10B9D1D-7CD6-499E-83A1-97199B963733}.Debug|Any CPU.Build.0 = Debug|Any CPU
		{B10B9D1D-7CD6-499E-83A1-97199B963733}.Release|Any CPU.ActiveCfg = Release|Any CPU
		{B10B9D1D-7CD6-499E-83A1-97199B963733}.Release|Any CPU.Build.0 = Release|Any CPU
	EndGlobalSection
	GlobalSection(SolutionProperties) = preSolution
		HideSolutionNode = FALSE
	EndGlobalSection
	GlobalSection(ExtensibilityGlobals) = postSolution
		SolutionGuid = {D121910B-F48E-4B2B-9D98-E2B93E68852E}
	EndGlobalSection
EndGlobal
